// !$*UTF8*$!
{
	archiveVersion = 1;
	classes = {
	};
	objectVersion = 50;
	objects = {

/* Begin PBXBuildFile section */
		7D16512A2419988900B0BFE8 /* AppDelegate.swift in Sources */ = {isa = PBXBuildFile; fileRef = 7D1651292419988900B0BFE8 /* AppDelegate.swift */; };
		7D16512C2419988900B0BFE8 /* SceneDelegate.swift in Sources */ = {isa = PBXBuildFile; fileRef = 7D16512B2419988900B0BFE8 /* SceneDelegate.swift */; };
		7D16512E2419988900B0BFE8 /* ViewController.swift in Sources */ = {isa = PBXBuildFile; fileRef = 7D16512D2419988900B0BFE8 /* ViewController.swift */; };
		7D1651312419988900B0BFE8 /* Main.storyboard in Resources */ = {isa = PBXBuildFile; fileRef = 7D16512F2419988900B0BFE8 /* Main.storyboard */; };
		7D1651332419988F00B0BFE8 /* Assets.xcassets in Resources */ = {isa = PBXBuildFile; fileRef = 7D1651322419988F00B0BFE8 /* Assets.xcassets */; };
		7D1651362419988F00B0BFE8 /* LaunchScreen.storyboard in Resources */ = {isa = PBXBuildFile; fileRef = 7D1651342419988F00B0BFE8 /* LaunchScreen.storyboard */; };
		7D1651422419A05700B0BFE8 /* MovableSquare.swift in Sources */ = {isa = PBXBuildFile; fileRef = 7D1651412419A05700B0BFE8 /* MovableSquare.swift */; };
		7D1651452419A11900B0BFE8 /* UIColor+Ext.swift in Sources */ = {isa = PBXBuildFile; fileRef = 7D1651442419A11900B0BFE8 /* UIColor+Ext.swift */; };
		7DC6FA1B241AE53100D19C21 /* CGPoint+Ext.swift in Sources */ = {isa = PBXBuildFile; fileRef = 7DC6FA1A241AE53100D19C21 /* CGPoint+Ext.swift */; };
		7DC6FA1D241AE92200D19C21 /* SquareItem.swift in Sources */ = {isa = PBXBuildFile; fileRef = 7DC6FA1C241AE92200D19C21 /* SquareItem.swift */; };
		7DE4EE2A241C3435009FFB06 /* RulerGuidPosition.swift in Sources */ = {isa = PBXBuildFile; fileRef = 7DE4EE29241C3435009FFB06 /* RulerGuidPosition.swift */; };
		7DE4EE2C241C3455009FFB06 /* UIView+Ext.swift in Sources */ = {isa = PBXBuildFile; fileRef = 7DE4EE2B241C3455009FFB06 /* UIView+Ext.swift */; };
/* End PBXBuildFile section */

/* Begin PBXFileReference section */
		7D1651262419988900B0BFE8 /* SnapToEdges.app */ = {isa = PBXFileReference; explicitFileType = wrapper.application; includeInIndex = 0; path = SnapToEdges.app; sourceTree = BUILT_PRODUCTS_DIR; };
		7D1651292419988900B0BFE8 /* AppDelegate.swift */ = {isa = PBXFileReference; lastKnownFileType = sourcecode.swift; path = AppDelegate.swift; sourceTree = "<group>"; };
		7D16512B2419988900B0BFE8 /* SceneDelegate.swift */ = {isa = PBXFileReference; lastKnownFileType = sourcecode.swift; path = SceneDelegate.swift; sourceTree = "<group>"; };
		7D16512D2419988900B0BFE8 /* ViewController.swift */ = {isa = PBXFileReference; lastKnownFileType = sourcecode.swift; path = ViewController.swift; sourceTree = "<group>"; };
		7D1651302419988900B0BFE8 /* Base */ = {isa = PBXFileReference; lastKnownFileType = file.storyboard; name = Base; path = Base.lproj/Main.storyboard; sourceTree = "<group>"; };
		7D1651322419988F00B0BFE8 /* Assets.xcassets */ = {isa = PBXFileReference; lastKnownFileType = folder.assetcatalog; path = Assets.xcassets; sourceTree = "<group>"; };
		7D1651352419988F00B0BFE8 /* Base */ = {isa = PBXFileReference; lastKnownFileType = file.storyboard; name = Base; path = Base.lproj/LaunchScreen.storyboard; sourceTree = "<group>"; };
		7D1651372419988F00B0BFE8 /* Info.plist */ = {isa = PBXFileReference; lastKnownFileType = text.plist.xml; path = Info.plist; sourceTree = "<group>"; };
		7D1651412419A05700B0BFE8 /* MovableSquare.swift */ = {isa = PBXFileReference; lastKnownFileType = sourcecode.swift; path = MovableSquare.swift; sourceTree = "<group>"; };
		7D1651442419A11900B0BFE8 /* UIColor+Ext.swift */ = {isa = PBXFileReference; lastKnownFileType = sourcecode.swift; path = "UIColor+Ext.swift"; sourceTree = "<group>"; };
		7DC6FA1A241AE53100D19C21 /* CGPoint+Ext.swift */ = {isa = PBXFileReference; lastKnownFileType = sourcecode.swift; path = "CGPoint+Ext.swift"; sourceTree = "<group>"; };
		7DC6FA1C241AE92200D19C21 /* SquareItem.swift */ = {isa = PBXFileReference; lastKnownFileType = sourcecode.swift; path = SquareItem.swift; sourceTree = "<group>"; };
		7DE4EE29241C3435009FFB06 /* RulerGuidPosition.swift */ = {isa = PBXFileReference; lastKnownFileType = sourcecode.swift; path = RulerGuidPosition.swift; sourceTree = "<group>"; };
		7DE4EE2B241C3455009FFB06 /* UIView+Ext.swift */ = {isa = PBXFileReference; lastKnownFileType = sourcecode.swift; path = "UIView+Ext.swift"; sourceTree = "<group>"; };
/* End PBXFileReference section */

/* Begin PBXFrameworksBuildPhase section */
		7D1651232419988900B0BFE8 /* Frameworks */ = {
			isa = PBXFrameworksBuildPhase;
			buildActionMask = 2147483647;
			files = (
			);
			runOnlyForDeploymentPostprocessing = 0;
		};
/* End PBXFrameworksBuildPhase section */

/* Begin PBXGroup section */
		7D16511D2419988800B0BFE8 = {
			isa = PBXGroup;
			children = (
				7D1651282419988900B0BFE8 /* SnapToEdges */,
				7D1651272419988900B0BFE8 /* Products */,
			);
			sourceTree = "<group>";
		};
		7D1651272419988900B0BFE8 /* Products */ = {
			isa = PBXGroup;
			children = (
				7D1651262419988900B0BFE8 /* SnapToEdges.app */,
			);
			name = Products;
			sourceTree = "<group>";
		};
		7D1651282419988900B0BFE8 /* SnapToEdges */ = {
			isa = PBXGroup;
			children = (
				7D1651432419A10400B0BFE8 /* Extensions */,
				7D16513E24199DC800B0BFE8 /* Model */,
				7D16513D24199D2A00B0BFE8 /* Supporting Files */,
				7D16512D2419988900B0BFE8 /* ViewController.swift */,
				7D16512F2419988900B0BFE8 /* Main.storyboard */,
				7D1651372419988F00B0BFE8 /* Info.plist */,
			);
			path = SnapToEdges;
			sourceTree = "<group>";
		};
		7D16513D24199D2A00B0BFE8 /* Supporting Files */ = {
			isa = PBXGroup;
			children = (
				7D1651292419988900B0BFE8 /* AppDelegate.swift */,
				7D16512B2419988900B0BFE8 /* SceneDelegate.swift */,
				7D1651322419988F00B0BFE8 /* Assets.xcassets */,
				7D1651342419988F00B0BFE8 /* LaunchScreen.storyboard */,
			);
			path = "Supporting Files";
			sourceTree = "<group>";
		};
		7D16513E24199DC800B0BFE8 /* Model */ = {
			isa = PBXGroup;
			children = (
				7D1651412419A05700B0BFE8 /* MovableSquare.swift */,
				7DC6FA1C241AE92200D19C21 /* SquareItem.swift */,
				7DE4EE29241C3435009FFB06 /* RulerGuidPosition.swift */,
			);
			path = Model;
			sourceTree = "<group>";
		};
		7D1651432419A10400B0BFE8 /* Extensions */ = {
			isa = PBXGroup;
			children = (
				7D1651442419A11900B0BFE8 /* UIColor+Ext.swift */,
				7DC6FA1A241AE53100D19C21 /* CGPoint+Ext.swift */,
				7DE4EE2B241C3455009FFB06 /* UIView+Ext.swift */,
			);
			path = Extensions;
			sourceTree = "<group>";
		};
/* End PBXGroup section */

/* Begin PBXNativeTarget section */
		7D1651252419988900B0BFE8 /* SnapToEdges */ = {
			isa = PBXNativeTarget;
			buildConfigurationList = 7D16513A2419988F00B0BFE8 /* Build configuration list for PBXNativeTarget "SnapToEdges" */;
			buildPhases = (
				7D1651222419988900B0BFE8 /* Sources */,
				7D1651232419988900B0BFE8 /* Frameworks */,
				7D1651242419988900B0BFE8 /* Resources */,
			);
			buildRules = (
			);
			dependencies = (
			);
			name = SnapToEdges;
			productName = SnapToEdges;
			productReference = 7D1651262419988900B0BFE8 /* SnapToEdges.app */;
			productType = "com.apple.product-type.application";
		};
/* End PBXNativeTarget section */

/* Begin PBXProject section */
		7D16511E2419988800B0BFE8 /* Project object */ = {
			isa = PBXProject;
			attributes = {
				LastSwiftUpdateCheck = 1130;
				LastUpgradeCheck = 1130;
				ORGANIZATIONNAME = "Maysam Shahsavari";
				TargetAttributes = {
					7D1651252419988900B0BFE8 = {
						CreatedOnToolsVersion = 11.3.1;
					};
				};
			};
			buildConfigurationList = 7D1651212419988800B0BFE8 /* Build configuration list for PBXProject "SnapToEdges" */;
			compatibilityVersion = "Xcode 9.3";
			developmentRegion = en;
			hasScannedForEncodings = 0;
			knownRegions = (
				en,
				Base,
			);
			mainGroup = 7D16511D2419988800B0BFE8;
			productRefGroup = 7D1651272419988900B0BFE8 /* Products */;
			projectDirPath = "";
			projectRoot = "";
			targets = (
				7D1651252419988900B0BFE8 /* SnapToEdges */,
			);
		};
/* End PBXProject section */

/* Begin PBXResourcesBuildPhase section */
		7D1651242419988900B0BFE8 /* Resources */ = {
			isa = PBXResourcesBuildPhase;
			buildActionMask = 2147483647;
			files = (
				7D1651362419988F00B0BFE8 /* LaunchScreen.storyboard in Resources */,
				7D1651332419988F00B0BFE8 /* Assets.xcassets in Resources */,
				7D1651312419988900B0BFE8 /* Main.storyboard in Resources */,
			);
			runOnlyForDeploymentPostprocessing = 0;
		};
/* End PBXResourcesBuildPhase section */

/* Begin PBXSourcesBuildPhase section */
		7D1651222419988900B0BFE8 /* Sources */ = {
			isa = PBXSourcesBuildPhase;
			buildActionMask = 2147483647;
			files = (
				7D1651452419A11900B0BFE8 /* UIColor+Ext.swift in Sources */,
				7D16512E2419988900B0BFE8 /* ViewController.swift in Sources */,
				7DE4EE2A241C3435009FFB06 /* RulerGuidPosition.swift in Sources */,
				7D1651422419A05700B0BFE8 /* MovableSquare.swift in Sources */,
				7D16512A2419988900B0BFE8 /* AppDelegate.swift in Sources */,
				7DE4EE2C241C3455009FFB06 /* UIView+Ext.swift in Sources */,
				7DC6FA1B241AE53100D19C21 /* CGPoint+Ext.swift in Sources */,
				7D16512C2419988900B0BFE8 /* SceneDelegate.swift in Sources */,
				7DC6FA1D241AE92200D19C21 /* SquareItem.swift in Sources */,
			);
			runOnlyForDeploymentPostprocessing = 0;
		};
/* End PBXSourcesBuildPhase section */

/* Begin PBXVariantGroup section */
		7D16512F2419988900B0BFE8 /* Main.storyboard */ = {
			isa = PBXVariantGroup;
			children = (
				7D1651302419988900B0BFE8 /* Base */,
			);
			name = Main.storyboard;
			sourceTree = "<group>";
		};
		7D1651342419988F00B0BFE8 /* LaunchScreen.storyboard */ = {
			isa = PBXVariantGroup;
			children = (
				7D1651352419988F00B0BFE8 /* Base */,
			);
			name = LaunchScreen.storyboard;
			sourceTree = "<group>";
		};
/* End PBXVariantGroup section */

/* Begin XCBuildConfiguration section */
		7D1651382419988F00B0BFE8 /* Debug */ = {
			isa = XCBuildConfiguration;
			buildSettings = {
				ALWAYS_SEARCH_USER_PATHS = NO;
				CLANG_ANALYZER_NONNULL = YES;
				CLANG_ANALYZER_NUMBER_OBJECT_CONVERSION = YES_AGGRESSIVE;
				CLANG_CXX_LANGUAGE_STANDARD = "gnu++14";
				CLANG_CXX_LIBRARY = "libc++";
				CLANG_ENABLE_MODULES = YES;
				CLANG_ENABLE_OBJC_ARC = YES;
				CLANG_ENABLE_OBJC_WEAK = YES;
				CLANG_WARN_BLOCK_CAPTURE_AUTORELEASING = YES;
				CLANG_WARN_BOOL_CONVERSION = YES;
				CLANG_WARN_COMMA = YES;
				CLANG_WARN_CONSTANT_CONVERSION = YES;
				CLANG_WARN_DEPRECATED_OBJC_IMPLEMENTATIONS = YES;
				CLANG_WARN_DIRECT_OBJC_ISA_USAGE = YES_ERROR;
				CLANG_WARN_DOCUMENTATION_COMMENTS = YES;
				CLANG_WARN_EMPTY_BODY = YES;
				CLANG_WARN_ENUM_CONVERSION = YES;
				CLANG_WARN_INFINITE_RECURSION = YES;
				CLANG_WARN_INT_CONVERSION = YES;
				CLANG_WARN_NON_LITERAL_NULL_CONVERSION = YES;
				CLANG_WARN_OBJC_IMPLICIT_RETAIN_SELF = YES;
				CLANG_WARN_OBJC_LITERAL_CONVERSION = YES;
				CLANG_WARN_OBJC_ROOT_CLASS = YES_ERROR;
				CLANG_WARN_RANGE_LOOP_ANALYSIS = YES;
				CLANG_WARN_STRICT_PROTOTYPES = YES;
				CLANG_WARN_SUSPICIOUS_MOVE = YES;
				CLANG_WARN_UNGUARDED_AVAILABILITY = YES_AGGRESSIVE;
				CLANG_WARN_UNREACHABLE_CODE = YES;
				CLANG_WARN__DUPLICATE_METHOD_MATCH = YES;
				COPY_PHASE_STRIP = NO;
				DEBUG_INFORMATION_FORMAT = dwarf;
				ENABLE_STRICT_OBJC_MSGSEND = YES;
				ENABLE_TESTABILITY = YES;
				GCC_C_LANGUAGE_STANDARD = gnu11;
				GCC_DYNAMIC_NO_PIC = NO;
				GCC_NO_COMMON_BLOCKS = YES;
				GCC_OPTIMIZATION_LEVEL = 0;
				GCC_PREPROCESSOR_DEFINITIONS = (
					"DEBUG=1",
					"$(inherited)",
				);
				GCC_WARN_64_TO_32_BIT_CONVERSION = YES;
				GCC_WARN_ABOUT_RETURN_TYPE = YES_ERROR;
				GCC_WARN_UNDECLARED_SELECTOR = YES;
				GCC_WARN_UNINITIALIZED_AUTOS = YES_AGGRESSIVE;
				GCC_WARN_UNUSED_FUNCTION = YES;
				GCC_WARN_UNUSED_VARIABLE = YES;
				IPHONEOS_DEPLOYMENT_TARGET = 13.2;
				MTL_ENABLE_DEBUG_INFO = INCLUDE_SOURCE;
				MTL_FAST_MATH = YES;
				ONLY_ACTIVE_ARCH = YES;
				SDKROOT = iphoneos;
				SWIFT_ACTIVE_COMPILATION_CONDITIONS = DEBUG;
				SWIFT_OPTIMIZATION_LEVEL = "-Onone";
			};
			name = Debug;
		};
		7D1651392419988F00B0BFE8 /* Release */ = {
			isa = XCBuildConfiguration;
			buildSettings = {
				ALWAYS_SEARCH_USER_PATHS = NO;
				CLANG_ANALYZER_NONNULL = YES;
				CLANG_ANALYZER_NUMBER_OBJECT_CONVERSION = YES_AGGRESSIVE;
				CLANG_CXX_LANGUAGE_STANDARD = "gnu++14";
				CLANG_CXX_LIBRARY = "libc++";
				CLANG_ENABLE_MODULES = YES;
				CLANG_ENABLE_OBJC_ARC = YES;
				CLANG_ENABLE_OBJC_WEAK = YES;
				CLANG_WARN_BLOCK_CAPTURE_AUTORELEASING = YES;
				CLANG_WARN_BOOL_CONVERSION = YES;
				CLANG_WARN_COMMA = YES;
				CLANG_WARN_CONSTANT_CONVERSION = YES;
				CLANG_WARN_DEPRECATED_OBJC_IMPLEMENTATIONS = YES;
				CLANG_WARN_DIRECT_OBJC_ISA_USAGE = YES_ERROR;
				CLANG_WARN_DOCUMENTATION_COMMENTS = YES;
				CLANG_WARN_EMPTY_BODY = YES;
				CLANG_WARN_ENUM_CONVERSION = YES;
				CLANG_WARN_INFINITE_RECURSION = YES;
				CLANG_WARN_INT_CONVERSION = YES;
				CLANG_WARN_NON_LITERAL_NULL_CONVERSION = YES;
				CLANG_WARN_OBJC_IMPLICIT_RETAIN_SELF = YES;
				CLANG_WARN_OBJC_LITERAL_CONVERSION = YES;
				CLANG_WARN_OBJC_ROOT_CLASS = YES_ERROR;
				CLANG_WARN_RANGE_LOOP_ANALYSIS = YES;
				CLANG_WARN_STRICT_PROTOTYPES = YES;
				CLANG_WARN_SUSPICIOUS_MOVE = YES;
				CLANG_WARN_UNGUARDED_AVAILABILITY = YES_AGGRESSIVE;
				CLANG_WARN_UNREACHABLE_CODE = YES;
				CLANG_WARN__DUPLICATE_METHOD_MATCH = YES;
				COPY_PHASE_STRIP = NO;
				DEBUG_INFORMATION_FORMAT = "dwarf-with-dsym";
				ENABLE_NS_ASSERTIONS = NO;
				ENABLE_STRICT_OBJC_MSGSEND = YES;
				GCC_C_LANGUAGE_STANDARD = gnu11;
				GCC_NO_COMMON_BLOCKS = YES;
				GCC_WARN_64_TO_32_BIT_CONVERSION = YES;
				GCC_WARN_ABOUT_RETURN_TYPE = YES_ERROR;
				GCC_WARN_UNDECLARED_SELECTOR = YES;
				GCC_WARN_UNINITIALIZED_AUTOS = YES_AGGRESSIVE;
				GCC_WARN_UNUSED_FUNCTION = YES;
				GCC_WARN_UNUSED_VARIABLE = YES;
				IPHONEOS_DEPLOYMENT_TARGET = 13.2;
				MTL_ENABLE_DEBUG_INFO = NO;
				MTL_FAST_MATH = YES;
				SDKROOT = iphoneos;
				SWIFT_COMPILATION_MODE = wholemodule;
				SWIFT_OPTIMIZATION_LEVEL = "-O";
				VALIDATE_PRODUCT = YES;
			};
			name = Release;
		};
		7D16513B2419988F00B0BFE8 /* Debug */ = {
			isa = XCBuildConfiguration;
			buildSettings = {
				ASSETCATALOG_COMPILER_APPICON_NAME = AppIcon;
				CODE_SIGN_STYLE = Automatic;
				DEVELOPMENT_TEAM = 36LVHWE756;
				INFOPLIST_FILE = SnapToEdges/Info.plist;
				LD_RUNPATH_SEARCH_PATHS = (
					"$(inherited)",
					"@executable_path/Frameworks",
				);
				PRODUCT_BUNDLE_IDENTIFIER = self.com.SnapToEdges;
				PRODUCT_NAME = "$(TARGET_NAME)";
				SWIFT_VERSION = 5.0;
				TARGETED_DEVICE_FAMILY = "1,2";
			};
			name = Debug;
		};
		7D16513C2419988F00B0BFE8 /* Release */ = {
			isa = XCBuildConfiguration;
			buildSettings = {
				ASSETCATALOG_COMPILER_APPICON_NAME = AppIcon;
				CODE_SIGN_STYLE = Automatic;
				DEVELOPMENT_TEAM = 36LVHWE756;
				INFOPLIST_FILE = SnapToEdges/Info.plist;
				LD_RUNPATH_SEARCH_PATHS = (
					"$(inherited)",
					"@executable_path/Frameworks",
				);
				PRODUCT_BUNDLE_IDENTIFIER = self.com.SnapToEdges;
				PRODUCT_NAME = "$(TARGET_NAME)";
				SWIFT_VERSION = 5.0;
				TARGETED_DEVICE_FAMILY = "1,2";
			};
			name = Release;
		};
/* End XCBuildConfiguration section */

/* Begin XCConfigurationList section */
		7D1651212419988800B0BFE8 /* Build configuration list for PBXProject "SnapToEdges" */ = {
			isa = XCConfigurationList;
			buildConfigurations = (
				7D1651382419988F00B0BFE8 /* Debug */,
				7D1651392419988F00B0BFE8 /* Release */,
			);
			defaultConfigurationIsVisible = 0;
			defaultConfigurationName = Release;
		};
		7D16513A2419988F00B0BFE8 /* Build configuration list for PBXNativeTarget "SnapToEdges" */ = {
			isa = XCConfigurationList;
			buildConfigurations = (
				7D16513B2419988F00B0BFE8 /* Debug */,
				7D16513C2419988F00B0BFE8 /* Release */,
			);
			defaultConfigurationIsVisible = 0;
			defaultConfigurationName = Release;
		};
/* End XCConfigurationList section */
	};
	rootObject = 7D16511E2419988800B0BFE8 /* Project object */;
}
